// !$*UTF8*$!
{
	archiveVersion = 1;
	classes = {
	};
	objectVersion = 56;
	objects = {

/* Begin PBXBuildFile section */
		2CB091CE2B433A8400C3A096 /* LandmarksApp.swift in Sources */ = {isa = PBXBuildFile; fileRef = 2CB091CD2B433A8400C3A096 /* LandmarksApp.swift */; };
		2CB091D02B433A8400C3A096 /* ContentView.swift in Sources */ = {isa = PBXBuildFile; fileRef = 2CB091CF2B433A8400C3A096 /* ContentView.swift */; };
		2CB091D22B433A8500C3A096 /* Assets.xcassets in Resources */ = {isa = PBXBuildFile; fileRef = 2CB091D12B433A8500C3A096 /* Assets.xcassets */; };
		2CB091D52B433A8500C3A096 /* Preview Assets.xcassets in Resources */ = {isa = PBXBuildFile; fileRef = 2CB091D42B433A8500C3A096 /* Preview Assets.xcassets */; };
		2CB091DC2B43418B00C3A096 /* CircleImage.swift in Sources */ = {isa = PBXBuildFile; fileRef = 2CB091DB2B43418B00C3A096 /* CircleImage.swift */; };
		2CB091DE2B4341EA00C3A096 /* MapView.swift in Sources */ = {isa = PBXBuildFile; fileRef = 2CB091DD2B4341EA00C3A096 /* MapView.swift */; };
		2CB091E02B43445700C3A096 /* landmarkData.json in Resources */ = {isa = PBXBuildFile; fileRef = 2CB091DF2B43445700C3A096 /* landmarkData.json */; };
		2CB091E32B4344B000C3A096 /* Landmark.swift in Sources */ = {isa = PBXBuildFile; fileRef = 2CB091E22B4344B000C3A096 /* Landmark.swift */; };
		2CB091E52B43456700C3A096 /* ModelData.swift in Sources */ = {isa = PBXBuildFile; fileRef = 2CB091E42B43456700C3A096 /* ModelData.swift */; };
		2CB091E92B43467300C3A096 /* LandmarkRow.swift in Sources */ = {isa = PBXBuildFile; fileRef = 2CB091E82B43467300C3A096 /* LandmarkRow.swift */; };
		2CB091EB2B43470F00C3A096 /* LandmarkList.swift in Sources */ = {isa = PBXBuildFile; fileRef = 2CB091EA2B43470F00C3A096 /* LandmarkList.swift */; };
		2CB091ED2B43F67500C3A096 /* LandmarkDetail.swift in Sources */ = {isa = PBXBuildFile; fileRef = 2CB091EC2B43F67500C3A096 /* LandmarkDetail.swift */; };
		2CB091EF2B4400D000C3A096 /* FavoriteButton.swift in Sources */ = {isa = PBXBuildFile; fileRef = 2CB091EE2B4400D000C3A096 /* FavoriteButton.swift */; };
		2CB091F62B4404C800C3A096 /* HexagonParameters.swift in Sources */ = {isa = PBXBuildFile; fileRef = 2CB091F52B4404C800C3A096 /* HexagonParameters.swift */; };
		2CB091F82B4407B200C3A096 /* BadgeBackground.swift in Sources */ = {isa = PBXBuildFile; fileRef = 2CB091F72B4407B200C3A096 /* BadgeBackground.swift */; };
		2CB091FA2B4409E700C3A096 /* BadgeSymbol.swift in Sources */ = {isa = PBXBuildFile; fileRef = 2CB091F92B4409E700C3A096 /* BadgeSymbol.swift */; };
		2CB091FC2B440A6A00C3A096 /* RotatedBadgeSymbol.swift in Sources */ = {isa = PBXBuildFile; fileRef = 2CB091FB2B440A6A00C3A096 /* RotatedBadgeSymbol.swift */; };
		2CB091FE2B440ABB00C3A096 /* Badge.swift in Sources */ = {isa = PBXBuildFile; fileRef = 2CB091FD2B440ABB00C3A096 /* Badge.swift */; };
		2CB092002B440FD300C3A096 /* hikeData.json in Resources */ = {isa = PBXBuildFile; fileRef = 2CB091FF2B440FD300C3A096 /* hikeData.json */; };
		2CB092022B440FF100C3A096 /* Hike.swift in Sources */ = {isa = PBXBuildFile; fileRef = 2CB092012B440FF100C3A096 /* Hike.swift */; };
		2CB092082B44108C00C3A096 /* GraphCapsule.swift in Sources */ = {isa = PBXBuildFile; fileRef = 2CB092042B44108C00C3A096 /* GraphCapsule.swift */; };
		2CB092092B44108C00C3A096 /* HikeGraph.swift in Sources */ = {isa = PBXBuildFile; fileRef = 2CB092052B44108C00C3A096 /* HikeGraph.swift */; };
		2CB0920A2B44108C00C3A096 /* HikeDetail.swift in Sources */ = {isa = PBXBuildFile; fileRef = 2CB092062B44108C00C3A096 /* HikeDetail.swift */; };
		2CB0920B2B44108C00C3A096 /* HikeView.swift in Sources */ = {isa = PBXBuildFile; fileRef = 2CB092072B44108C00C3A096 /* HikeView.swift */; };
		2CB0920E2B44160600C3A096 /* CategoryHome.swift in Sources */ = {isa = PBXBuildFile; fileRef = 2CB0920D2B44160600C3A096 /* CategoryHome.swift */; };
		2CB092102B44172300C3A096 /* CategoryRow.swift in Sources */ = {isa = PBXBuildFile; fileRef = 2CB0920F2B44172300C3A096 /* CategoryRow.swift */; };
		2CB092122B4417B000C3A096 /* CategoryItem.swift in Sources */ = {isa = PBXBuildFile; fileRef = 2CB092112B4417B000C3A096 /* CategoryItem.swift */; };
		2CB092142B441BE600C3A096 /* Profile.swift in Sources */ = {isa = PBXBuildFile; fileRef = 2CB092132B441BE600C3A096 /* Profile.swift */; };
		2CB092172B441C7900C3A096 /* ProfileHost.swift in Sources */ = {isa = PBXBuildFile; fileRef = 2CB092162B441C7900C3A096 /* ProfileHost.swift */; };
		2CB092192B441C9300C3A096 /* ProfileSummary.swift in Sources */ = {isa = PBXBuildFile; fileRef = 2CB092182B441C9300C3A096 /* ProfileSummary.swift */; };
		2CB0921B2B441D4500C3A096 /* HikeBadge.swift in Sources */ = {isa = PBXBuildFile; fileRef = 2CB0921A2B441D4500C3A096 /* HikeBadge.swift */; };
		2CB0921D2B44238300C3A096 /* ProfileEditor.swift in Sources */ = {isa = PBXBuildFile; fileRef = 2CB0921C2B44238300C3A096 /* ProfileEditor.swift */; };
/* End PBXBuildFile section */

/* Begin PBXFileReference section */
		2CB091CA2B433A8400C3A096 /* Landmarks.app */ = {isa = PBXFileReference; explicitFileType = wrapper.application; includeInIndex = 0; path = Landmarks.app; sourceTree = BUILT_PRODUCTS_DIR; };
		2CB091CD2B433A8400C3A096 /* LandmarksApp.swift */ = {isa = PBXFileReference; lastKnownFileType = sourcecode.swift; path = LandmarksApp.swift; sourceTree = "<group>"; };
		2CB091CF2B433A8400C3A096 /* ContentView.swift */ = {isa = PBXFileReference; lastKnownFileType = sourcecode.swift; path = ContentView.swift; sourceTree = "<group>"; };
		2CB091D12B433A8500C3A096 /* Assets.xcassets */ = {isa = PBXFileReference; lastKnownFileType = folder.assetcatalog; path = Assets.xcassets; sourceTree = "<group>"; };
		2CB091D42B433A8500C3A096 /* Preview Assets.xcassets */ = {isa = PBXFileReference; lastKnownFileType = folder.assetcatalog; path = "Preview Assets.xcassets"; sourceTree = "<group>"; };
		2CB091DB2B43418B00C3A096 /* CircleImage.swift */ = {isa = PBXFileReference; lastKnownFileType = sourcecode.swift; path = CircleImage.swift; sourceTree = "<group>"; };
		2CB091DD2B4341EA00C3A096 /* MapView.swift */ = {isa = PBXFileReference; lastKnownFileType = sourcecode.swift; path = MapView.swift; sourceTree = "<group>"; };
		2CB091DF2B43445700C3A096 /* landmarkData.json */ = {isa = PBXFileReference; fileEncoding = 4; lastKnownFileType = text.json; path = landmarkData.json; sourceTree = "<group>"; };
		2CB091E22B4344B000C3A096 /* Landmark.swift */ = {isa = PBXFileReference; lastKnownFileType = sourcecode.swift; path = Landmark.swift; sourceTree = "<group>"; };
		2CB091E42B43456700C3A096 /* ModelData.swift */ = {isa = PBXFileReference; lastKnownFileType = sourcecode.swift; path = ModelData.swift; sourceTree = "<group>"; };
		2CB091E82B43467300C3A096 /* LandmarkRow.swift */ = {isa = PBXFileReference; lastKnownFileType = sourcecode.swift; path = LandmarkRow.swift; sourceTree = "<group>"; };
		2CB091EA2B43470F00C3A096 /* LandmarkList.swift */ = {isa = PBXFileReference; lastKnownFileType = sourcecode.swift; path = LandmarkList.swift; sourceTree = "<group>"; };
		2CB091EC2B43F67500C3A096 /* LandmarkDetail.swift */ = {isa = PBXFileReference; lastKnownFileType = sourcecode.swift; path = LandmarkDetail.swift; sourceTree = "<group>"; };
		2CB091EE2B4400D000C3A096 /* FavoriteButton.swift */ = {isa = PBXFileReference; lastKnownFileType = sourcecode.swift; path = FavoriteButton.swift; sourceTree = "<group>"; };
		2CB091F52B4404C800C3A096 /* HexagonParameters.swift */ = {isa = PBXFileReference; lastKnownFileType = sourcecode.swift; path = HexagonParameters.swift; sourceTree = "<group>"; };
		2CB091F72B4407B200C3A096 /* BadgeBackground.swift */ = {isa = PBXFileReference; lastKnownFileType = sourcecode.swift; path = BadgeBackground.swift; sourceTree = "<group>"; };
		2CB091F92B4409E700C3A096 /* BadgeSymbol.swift */ = {isa = PBXFileReference; lastKnownFileType = sourcecode.swift; path = BadgeSymbol.swift; sourceTree = "<group>"; };
		2CB091FB2B440A6A00C3A096 /* RotatedBadgeSymbol.swift */ = {isa = PBXFileReference; lastKnownFileType = sourcecode.swift; path = RotatedBadgeSymbol.swift; sourceTree = "<group>"; };
		2CB091FD2B440ABB00C3A096 /* Badge.swift */ = {isa = PBXFileReference; lastKnownFileType = sourcecode.swift; path = Badge.swift; sourceTree = "<group>"; };
		2CB091FF2B440FD300C3A096 /* hikeData.json */ = {isa = PBXFileReference; fileEncoding = 4; lastKnownFileType = text.json; path = hikeData.json; sourceTree = "<group>"; };
		2CB092012B440FF100C3A096 /* Hike.swift */ = {isa = PBXFileReference; lastKnownFileType = sourcecode.swift; path = Hike.swift; sourceTree = "<group>"; };
		2CB092042B44108C00C3A096 /* GraphCapsule.swift */ = {isa = PBXFileReference; fileEncoding = 4; lastKnownFileType = sourcecode.swift; path = GraphCapsule.swift; sourceTree = "<group>"; };
		2CB092052B44108C00C3A096 /* HikeGraph.swift */ = {isa = PBXFileReference; fileEncoding = 4; lastKnownFileType = sourcecode.swift; path = HikeGraph.swift; sourceTree = "<group>"; };
		2CB092062B44108C00C3A096 /* HikeDetail.swift */ = {isa = PBXFileReference; fileEncoding = 4; lastKnownFileType = sourcecode.swift; path = HikeDetail.swift; sourceTree = "<group>"; };
		2CB092072B44108C00C3A096 /* HikeView.swift */ = {isa = PBXFileReference; fileEncoding = 4; lastKnownFileType = sourcecode.swift; path = HikeView.swift; sourceTree = "<group>"; };
		2CB0920D2B44160600C3A096 /* CategoryHome.swift */ = {isa = PBXFileReference; lastKnownFileType = sourcecode.swift; path = CategoryHome.swift; sourceTree = "<group>"; };
		2CB0920F2B44172300C3A096 /* CategoryRow.swift */ = {isa = PBXFileReference; lastKnownFileType = sourcecode.swift; path = CategoryRow.swift; sourceTree = "<group>"; };
		2CB092112B4417B000C3A096 /* CategoryItem.swift */ = {isa = PBXFileReference; lastKnownFileType = sourcecode.swift; path = CategoryItem.swift; sourceTree = "<group>"; };
		2CB092132B441BE600C3A096 /* Profile.swift */ = {isa = PBXFileReference; lastKnownFileType = sourcecode.swift; path = Profile.swift; sourceTree = "<group>"; };
		2CB092162B441C7900C3A096 /* ProfileHost.swift */ = {isa = PBXFileReference; lastKnownFileType = sourcecode.swift; path = ProfileHost.swift; sourceTree = "<group>"; };
		2CB092182B441C9300C3A096 /* ProfileSummary.swift */ = {isa = PBXFileReference; lastKnownFileType = sourcecode.swift; path = ProfileSummary.swift; sourceTree = "<group>"; };
		2CB0921A2B441D4500C3A096 /* HikeBadge.swift */ = {isa = PBXFileReference; lastKnownFileType = sourcecode.swift; path = HikeBadge.swift; sourceTree = "<group>"; };
		2CB0921C2B44238300C3A096 /* ProfileEditor.swift */ = {isa = PBXFileReference; lastKnownFileType = sourcecode.swift; path = ProfileEditor.swift; sourceTree = "<group>"; };
/* End PBXFileReference section */

/* Begin PBXFrameworksBuildPhase section */
		2CB091C72B433A8400C3A096 /* Frameworks */ = {
			isa = PBXFrameworksBuildPhase;
			buildActionMask = 2147483647;
			files = (
			);
			runOnlyForDeploymentPostprocessing = 0;
		};
/* End PBXFrameworksBuildPhase section */

/* Begin PBXGroup section */
		2CB091C12B433A8400C3A096 = {
			isa = PBXGroup;
			children = (
				2CB091CC2B433A8400C3A096 /* Landmarks */,
				2CB091CB2B433A8400C3A096 /* Products */,
			);
			sourceTree = "<group>";
		};
		2CB091CB2B433A8400C3A096 /* Products */ = {
			isa = PBXGroup;
			children = (
				2CB091CA2B433A8400C3A096 /* Landmarks.app */,
			);
			name = Products;
			sourceTree = "<group>";
		};
		2CB091CC2B433A8400C3A096 /* Landmarks */ = {
			isa = PBXGroup;
			children = (
				2CB091CD2B433A8400C3A096 /* LandmarksApp.swift */,
				2CB091E72B43462000C3A096 /* Model */,
				2CB091E62B43461200C3A096 /* Views */,
				2CB091E12B43448300C3A096 /* Resources */,
				2CB091D12B433A8500C3A096 /* Assets.xcassets */,
				2CB091D32B433A8500C3A096 /* Preview Content */,
			);
			path = Landmarks;
			sourceTree = "<group>";
		};
		2CB091D32B433A8500C3A096 /* Preview Content */ = {
			isa = PBXGroup;
			children = (
				2CB091D42B433A8500C3A096 /* Preview Assets.xcassets */,
			);
			path = "Preview Content";
			sourceTree = "<group>";
		};
		2CB091E12B43448300C3A096 /* Resources */ = {
			isa = PBXGroup;
			children = (
				2CB091FF2B440FD300C3A096 /* hikeData.json */,
				2CB091DF2B43445700C3A096 /* landmarkData.json */,
			);
			path = Resources;
			sourceTree = "<group>";
		};
		2CB091E62B43461200C3A096 /* Views */ = {
			isa = PBXGroup;
			children = (
				2CB091CF2B433A8400C3A096 /* ContentView.swift */,
				2CB091F22B44046200C3A096 /* Badges */,
				2CB0920C2B4415D400C3A096 /* Category */,
				2CB091F12B44028800C3A096 /* Helper */,
				2CB092032B44108C00C3A096 /* Hikes */,
				2CB091F02B44027900C3A096 /* Landmarks */,
				2CB092152B441C3D00C3A096 /* Profile */,
			);
			path = Views;
			sourceTree = "<group>";
		};
		2CB091E72B43462000C3A096 /* Model */ = {
			isa = PBXGroup;
			children = (
				2CB091E22B4344B000C3A096 /* Landmark.swift */,
				2CB091E42B43456700C3A096 /* ModelData.swift */,
				2CB092012B440FF100C3A096 /* Hike.swift */,
				2CB092132B441BE600C3A096 /* Profile.swift */,
			);
			path = Model;
			sourceTree = "<group>";
		};
		2CB091F02B44027900C3A096 /* Landmarks */ = {
			isa = PBXGroup;
			children = (
				2CB091E82B43467300C3A096 /* LandmarkRow.swift */,
				2CB091EA2B43470F00C3A096 /* LandmarkList.swift */,
				2CB091EC2B43F67500C3A096 /* LandmarkDetail.swift */,
			);
			path = Landmarks;
			sourceTree = "<group>";
		};
		2CB091F12B44028800C3A096 /* Helper */ = {
			isa = PBXGroup;
			children = (
				2CB091DB2B43418B00C3A096 /* CircleImage.swift */,
				2CB091DD2B4341EA00C3A096 /* MapView.swift */,
				2CB091EE2B4400D000C3A096 /* FavoriteButton.swift */,
			);
			path = Helper;
			sourceTree = "<group>";
		};
		2CB091F22B44046200C3A096 /* Badges */ = {
			isa = PBXGroup;
			children = (
				2CB091F52B4404C800C3A096 /* HexagonParameters.swift */,
				2CB091F72B4407B200C3A096 /* BadgeBackground.swift */,
				2CB091F92B4409E700C3A096 /* BadgeSymbol.swift */,
				2CB091FB2B440A6A00C3A096 /* RotatedBadgeSymbol.swift */,
				2CB091FD2B440ABB00C3A096 /* Badge.swift */,
				2CB0921A2B441D4500C3A096 /* HikeBadge.swift */,
			);
			path = Badges;
			sourceTree = "<group>";
		};
		2CB092032B44108C00C3A096 /* Hikes */ = {
			isa = PBXGroup;
			children = (
				2CB092042B44108C00C3A096 /* GraphCapsule.swift */,
				2CB092052B44108C00C3A096 /* HikeGraph.swift */,
				2CB092062B44108C00C3A096 /* HikeDetail.swift */,
				2CB092072B44108C00C3A096 /* HikeView.swift */,
			);
			path = Hikes;
			sourceTree = "<group>";
		};
		2CB0920C2B4415D400C3A096 /* Category */ = {
			isa = PBXGroup;
			children = (
				2CB0920D2B44160600C3A096 /* CategoryHome.swift */,
				2CB0920F2B44172300C3A096 /* CategoryRow.swift */,
				2CB092112B4417B000C3A096 /* CategoryItem.swift */,
			);
			path = Category;
			sourceTree = "<group>";
		};
		2CB092152B441C3D00C3A096 /* Profile */ = {
			isa = PBXGroup;
			children = (
				2CB092162B441C7900C3A096 /* ProfileHost.swift */,
				2CB092182B441C9300C3A096 /* ProfileSummary.swift */,
				2CB0921C2B44238300C3A096 /* ProfileEditor.swift */,
			);
			path = Profile;
			sourceTree = "<group>";
		};
/* End PBXGroup section */

/* Begin PBXNativeTarget section */
		2CB091C92B433A8400C3A096 /* Landmarks */ = {
			isa = PBXNativeTarget;
			buildConfigurationList = 2CB091D82B433A8500C3A096 /* Build configuration list for PBXNativeTarget "Landmarks" */;
			buildPhases = (
				2CB091C62B433A8400C3A096 /* Sources */,
				2CB091C72B433A8400C3A096 /* Frameworks */,
				2CB091C82B433A8400C3A096 /* Resources */,
			);
			buildRules = (
			);
			dependencies = (
			);
			name = Landmarks;
			productName = Landmarks;
			productReference = 2CB091CA2B433A8400C3A096 /* Landmarks.app */;
			productType = "com.apple.product-type.application";
		};
/* End PBXNativeTarget section */

/* Begin PBXProject section */
		2CB091C22B433A8400C3A096 /* Project object */ = {
			isa = PBXProject;
			attributes = {
				BuildIndependentTargetsInParallel = 1;
				LastSwiftUpdateCheck = 1500;
				LastUpgradeCheck = 1500;
				TargetAttributes = {
					2CB091C92B433A8400C3A096 = {
						CreatedOnToolsVersion = 15.0.1;
					};
				};
			};
			buildConfigurationList = 2CB091C52B433A8400C3A096 /* Build configuration list for PBXProject "Landmarks" */;
			compatibilityVersion = "Xcode 14.0";
			developmentRegion = en;
			hasScannedForEncodings = 0;
			knownRegions = (
				en,
				Base,
			);
			mainGroup = 2CB091C12B433A8400C3A096;
			productRefGroup = 2CB091CB2B433A8400C3A096 /* Products */;
			projectDirPath = "";
			projectRoot = "";
			targets = (
				2CB091C92B433A8400C3A096 /* Landmarks */,
			);
		};
/* End PBXProject section */

/* Begin PBXResourcesBuildPhase section */
		2CB091C82B433A8400C3A096 /* Resources */ = {
			isa = PBXResourcesBuildPhase;
			buildActionMask = 2147483647;
			files = (
				2CB092002B440FD300C3A096 /* hikeData.json in Resources */,
				2CB091D52B433A8500C3A096 /* Preview Assets.xcassets in Resources */,
				2CB091D22B433A8500C3A096 /* Assets.xcassets in Resources */,
				2CB091E02B43445700C3A096 /* landmarkData.json in Resources */,
			);
			runOnlyForDeploymentPostprocessing = 0;
		};
/* End PBXResourcesBuildPhase section */

/* Begin PBXSourcesBuildPhase section */
		2CB091C62B433A8400C3A096 /* Sources */ = {
			isa = PBXSourcesBuildPhase;
			buildActionMask = 2147483647;
			files = (
				2CB092102B44172300C3A096 /* CategoryRow.swift in Sources */,
				2CB092142B441BE600C3A096 /* Profile.swift in Sources */,
				2CB091D02B433A8400C3A096 /* ContentView.swift in Sources */,
				2CB0920E2B44160600C3A096 /* CategoryHome.swift in Sources */,
				2CB092092B44108C00C3A096 /* HikeGraph.swift in Sources */,
				2CB091FE2B440ABB00C3A096 /* Badge.swift in Sources */,
				2CB091DE2B4341EA00C3A096 /* MapView.swift in Sources */,
				2CB092082B44108C00C3A096 /* GraphCapsule.swift in Sources */,
				2CB091CE2B433A8400C3A096 /* LandmarksApp.swift in Sources */,
				2CB091EF2B4400D000C3A096 /* FavoriteButton.swift in Sources */,
				2CB092122B4417B000C3A096 /* CategoryItem.swift in Sources */,
				2CB0920A2B44108C00C3A096 /* HikeDetail.swift in Sources */,
				2CB092192B441C9300C3A096 /* ProfileSummary.swift in Sources */,
				2CB091F62B4404C800C3A096 /* HexagonParameters.swift in Sources */,
				2CB092172B441C7900C3A096 /* ProfileHost.swift in Sources */,
				2CB092022B440FF100C3A096 /* Hike.swift in Sources */,
				2CB091FC2B440A6A00C3A096 /* RotatedBadgeSymbol.swift in Sources */,
				2CB091FA2B4409E700C3A096 /* BadgeSymbol.swift in Sources */,
				2CB0921D2B44238300C3A096 /* ProfileEditor.swift in Sources */,
				2CB091EB2B43470F00C3A096 /* LandmarkList.swift in Sources */,
				2CB0920B2B44108C00C3A096 /* HikeView.swift in Sources */,
				2CB091ED2B43F67500C3A096 /* LandmarkDetail.swift in Sources */,
				2CB091F82B4407B200C3A096 /* BadgeBackground.swift in Sources */,
				2CB0921B2B441D4500C3A096 /* HikeBadge.swift in Sources */,
				2CB091DC2B43418B00C3A096 /* CircleImage.swift in Sources */,
				2CB091E32B4344B000C3A096 /* Landmark.swift in Sources */,
				2CB091E92B43467300C3A096 /* LandmarkRow.swift in Sources */,
				2CB091E52B43456700C3A096 /* ModelData.swift in Sources */,
			);
			runOnlyForDeploymentPostprocessing = 0;
		};
/* End PBXSourcesBuildPhase section */

/* Begin XCBuildConfiguration section */
		2CB091D62B433A8500C3A096 /* Debug */ = {
			isa = XCBuildConfiguration;
			buildSettings = {
				ALWAYS_SEARCH_USER_PATHS = NO;
				ASSETCATALOG_COMPILER_GENERATE_SWIFT_ASSET_SYMBOL_EXTENSIONS = YES;
				CLANG_ANALYZER_NONNULL = YES;
				CLANG_ANALYZER_NUMBER_OBJECT_CONVERSION = YES_AGGRESSIVE;
				CLANG_CXX_LANGUAGE_STANDARD = "gnu++20";
				CLANG_ENABLE_MODULES = YES;
				CLANG_ENABLE_OBJC_ARC = YES;
				CLANG_ENABLE_OBJC_WEAK = YES;
				CLANG_WARN_BLOCK_CAPTURE_AUTORELEASING = YES;
				CLANG_WARN_BOOL_CONVERSION = YES;
				CLANG_WARN_COMMA = YES;
				CLANG_WARN_CONSTANT_CONVERSION = YES;
				CLANG_WARN_DEPRECATED_OBJC_IMPLEMENTATIONS = YES;
				CLANG_WARN_DIRECT_OBJC_ISA_USAGE = YES_ERROR;
				CLANG_WARN_DOCUMENTATION_COMMENTS = YES;
				CLANG_WARN_EMPTY_BODY = YES;
				CLANG_WARN_ENUM_CONVERSION = YES;
				CLANG_WARN_INFINITE_RECURSION = YES;
				CLANG_WARN_INT_CONVERSION = YES;
				CLANG_WARN_NON_LITERAL_NULL_CONVERSION = YES;
				CLANG_WARN_OBJC_IMPLICIT_RETAIN_SELF = YES;
				CLANG_WARN_OBJC_LITERAL_CONVERSION = YES;
				CLANG_WARN_OBJC_ROOT_CLASS = YES_ERROR;
				CLANG_WARN_QUOTED_INCLUDE_IN_FRAMEWORK_HEADER = YES;
				CLANG_WARN_RANGE_LOOP_ANALYSIS = YES;
				CLANG_WARN_STRICT_PROTOTYPES = YES;
				CLANG_WARN_SUSPICIOUS_MOVE = YES;
				CLANG_WARN_UNGUARDED_AVAILABILITY = YES_AGGRESSIVE;
				CLANG_WARN_UNREACHABLE_CODE = YES;
				CLANG_WARN__DUPLICATE_METHOD_MATCH = YES;
				COPY_PHASE_STRIP = NO;
				DEBUG_INFORMATION_FORMAT = dwarf;
				ENABLE_STRICT_OBJC_MSGSEND = YES;
				ENABLE_TESTABILITY = YES;
				ENABLE_USER_SCRIPT_SANDBOXING = YES;
				GCC_C_LANGUAGE_STANDARD = gnu17;
				GCC_DYNAMIC_NO_PIC = NO;
				GCC_NO_COMMON_BLOCKS = YES;
				GCC_OPTIMIZATION_LEVEL = 0;
				GCC_PREPROCESSOR_DEFINITIONS = (
					"DEBUG=1",
					"$(inherited)",
				);
				GCC_WARN_64_TO_32_BIT_CONVERSION = YES;
				GCC_WARN_ABOUT_RETURN_TYPE = YES_ERROR;
				GCC_WARN_UNDECLARED_SELECTOR = YES;
				GCC_WARN_UNINITIALIZED_AUTOS = YES_AGGRESSIVE;
				GCC_WARN_UNUSED_FUNCTION = YES;
				GCC_WARN_UNUSED_VARIABLE = YES;
				IPHONEOS_DEPLOYMENT_TARGET = 17.0;
				LOCALIZATION_PREFERS_STRING_CATALOGS = YES;
				MTL_ENABLE_DEBUG_INFO = INCLUDE_SOURCE;
				MTL_FAST_MATH = YES;
				ONLY_ACTIVE_ARCH = YES;
				SDKROOT = iphoneos;
				SWIFT_ACTIVE_COMPILATION_CONDITIONS = "DEBUG $(inherited)";
				SWIFT_OPTIMIZATION_LEVEL = "-Onone";
			};
			name = Debug;
		};
		2CB091D72B433A8500C3A096 /* Release */ = {
			isa = XCBuildConfiguration;
			buildSettings = {
				ALWAYS_SEARCH_USER_PATHS = NO;
				ASSETCATALOG_COMPILER_GENERATE_SWIFT_ASSET_SYMBOL_EXTENSIONS = YES;
				CLANG_ANALYZER_NONNULL = YES;
				CLANG_ANALYZER_NUMBER_OBJECT_CONVERSION = YES_AGGRESSIVE;
				CLANG_CXX_LANGUAGE_STANDARD = "gnu++20";
				CLANG_ENABLE_MODULES = YES;
				CLANG_ENABLE_OBJC_ARC = YES;
				CLANG_ENABLE_OBJC_WEAK = YES;
				CLANG_WARN_BLOCK_CAPTURE_AUTORELEASING = YES;
				CLANG_WARN_BOOL_CONVERSION = YES;
				CLANG_WARN_COMMA = YES;
				CLANG_WARN_CONSTANT_CONVERSION = YES;
				CLANG_WARN_DEPRECATED_OBJC_IMPLEMENTATIONS = YES;
				CLANG_WARN_DIRECT_OBJC_ISA_USAGE = YES_ERROR;
				CLANG_WARN_DOCUMENTATION_COMMENTS = YES;
				CLANG_WARN_EMPTY_BODY = YES;
				CLANG_WARN_ENUM_CONVERSION = YES;
				CLANG_WARN_INFINITE_RECURSION = YES;
				CLANG_WARN_INT_CONVERSION = YES;
				CLANG_WARN_NON_LITERAL_NULL_CONVERSION = YES;
				CLANG_WARN_OBJC_IMPLICIT_RETAIN_SELF = YES;
				CLANG_WARN_OBJC_LITERAL_CONVERSION = YES;
				CLANG_WARN_OBJC_ROOT_CLASS = YES_ERROR;
				CLANG_WARN_QUOTED_INCLUDE_IN_FRAMEWORK_HEADER = YES;
				CLANG_WARN_RANGE_LOOP_ANALYSIS = YES;
				CLANG_WARN_STRICT_PROTOTYPES = YES;
				CLANG_WARN_SUSPICIOUS_MOVE = YES;
				CLANG_WARN_UNGUARDED_AVAILABILITY = YES_AGGRESSIVE;
				CLANG_WARN_UNREACHABLE_CODE = YES;
				CLANG_WARN__DUPLICATE_METHOD_MATCH = YES;
				COPY_PHASE_STRIP = NO;
				DEBUG_INFORMATION_FORMAT = "dwarf-with-dsym";
				ENABLE_NS_ASSERTIONS = NO;
				ENABLE_STRICT_OBJC_MSGSEND = YES;
				ENABLE_USER_SCRIPT_SANDBOXING = YES;
				GCC_C_LANGUAGE_STANDARD = gnu17;
				GCC_NO_COMMON_BLOCKS = YES;
				GCC_WARN_64_TO_32_BIT_CONVERSION = YES;
				GCC_WARN_ABOUT_RETURN_TYPE = YES_ERROR;
				GCC_WARN_UNDECLARED_SELECTOR = YES;
				GCC_WARN_UNINITIALIZED_AUTOS = YES_AGGRESSIVE;
				GCC_WARN_UNUSED_FUNCTION = YES;
				GCC_WARN_UNUSED_VARIABLE = YES;
				IPHONEOS_DEPLOYMENT_TARGET = 17.0;
				LOCALIZATION_PREFERS_STRING_CATALOGS = YES;
				MTL_ENABLE_DEBUG_INFO = NO;
				MTL_FAST_MATH = YES;
				SDKROOT = iphoneos;
				SWIFT_COMPILATION_MODE = wholemodule;
				VALIDATE_PRODUCT = YES;
			};
			name = Release;
		};
		2CB091D92B433A8500C3A096 /* Debug */ = {
			isa = XCBuildConfiguration;
			buildSettings = {
				ASSETCATALOG_COMPILER_APPICON_NAME = AppIcon;
				ASSETCATALOG_COMPILER_GLOBAL_ACCENT_COLOR_NAME = AccentColor;
				CODE_SIGN_STYLE = Automatic;
				CURRENT_PROJECT_VERSION = 1;
				DEVELOPMENT_ASSET_PATHS = "\"Landmarks/Preview Content\"";
				DEVELOPMENT_TEAM = K6C4366874;
				ENABLE_PREVIEWS = YES;
				GENERATE_INFOPLIST_FILE = YES;
				INFOPLIST_KEY_UIApplicationSceneManifest_Generation = YES;
				INFOPLIST_KEY_UIApplicationSupportsIndirectInputEvents = YES;
				INFOPLIST_KEY_UILaunchScreen_Generation = YES;
				INFOPLIST_KEY_UISupportedInterfaceOrientations_iPad = "UIInterfaceOrientationPortrait UIInterfaceOrientationPortraitUpsideDown UIInterfaceOrientationLandscapeLeft UIInterfaceOrientationLandscapeRight";
				INFOPLIST_KEY_UISupportedInterfaceOrientations_iPhone = "UIInterfaceOrientationPortrait UIInterfaceOrientationLandscapeLeft UIInterfaceOrientationLandscapeRight";
				LD_RUNPATH_SEARCH_PATHS = (
					"$(inherited)",
					"@executable_path/Frameworks",
				);
				MARKETING_VERSION = 1.0;
				PRODUCT_BUNDLE_IDENTIFIER = Nunu.Landmarks;
				PRODUCT_NAME = "$(TARGET_NAME)";
				SWIFT_EMIT_LOC_STRINGS = YES;
				SWIFT_VERSION = 5.0;
				TARGETED_DEVICE_FAMILY = "1,2";
			};
			name = Debug;
		};
		2CB091DA2B433A8500C3A096 /* Release */ = {
			isa = XCBuildConfiguration;
			buildSettings = {
				ASSETCATALOG_COMPILER_APPICON_NAME = AppIcon;
				ASSETCATALOG_COMPILER_GLOBAL_ACCENT_COLOR_NAME = AccentColor;
				CODE_SIGN_STYLE = Automatic;
				CURRENT_PROJECT_VERSION = 1;
				DEVELOPMENT_ASSET_PATHS = "\"Landmarks/Preview Content\"";
				DEVELOPMENT_TEAM = K6C4366874;
				ENABLE_PREVIEWS = YES;
				GENERATE_INFOPLIST_FILE = YES;
				INFOPLIST_KEY_UIApplicationSceneManifest_Generation = YES;
				INFOPLIST_KEY_UIApplicationSupportsIndirectInputEvents = YES;
				INFOPLIST_KEY_UILaunchScreen_Generation = YES;
				INFOPLIST_KEY_UISupportedInterfaceOrientations_iPad = "UIInterfaceOrientationPortrait UIInterfaceOrientationPortraitUpsideDown UIInterfaceOrientationLandscapeLeft UIInterfaceOrientationLandscapeRight";
				INFOPLIST_KEY_UISupportedInterfaceOrientations_iPhone = "UIInterfaceOrientationPortrait UIInterfaceOrientationLandscapeLeft UIInterfaceOrientationLandscapeRight";
				LD_RUNPATH_SEARCH_PATHS = (
					"$(inherited)",
					"@executable_path/Frameworks",
				);
				MARKETING_VERSION = 1.0;
				PRODUCT_BUNDLE_IDENTIFIER = Nunu.Landmarks;
				PRODUCT_NAME = "$(TARGET_NAME)";
				SWIFT_EMIT_LOC_STRINGS = YES;
				SWIFT_VERSION = 5.0;
				TARGETED_DEVICE_FAMILY = "1,2";
			};
			name = Release;
		};
/* End XCBuildConfiguration section */

/* Begin XCConfigurationList section */
		2CB091C52B433A8400C3A096 /* Build configuration list for PBXProject "Landmarks" */ = {
			isa = XCConfigurationList;
			buildConfigurations = (
				2CB091D62B433A8500C3A096 /* Debug */,
				2CB091D72B433A8500C3A096 /* Release */,
			);
			defaultConfigurationIsVisible = 0;
			defaultConfigurationName = Release;
		};
		2CB091D82B433A8500C3A096 /* Build configuration list for PBXNativeTarget "Landmarks" */ = {
			isa = XCConfigurationList;
			buildConfigurations = (
				2CB091D92B433A8500C3A096 /* Debug */,
				2CB091DA2B433A8500C3A096 /* Release */,
			);
			defaultConfigurationIsVisible = 0;
			defaultConfigurationName = Release;
		};
/* End XCConfigurationList section */
	};
	rootObject = 2CB091C22B433A8400C3A096 /* Project object */;
}
